
Microsoft Visual Studio Solution File, Format Version 12.00
# Visual Studio Version 17
VisualStudioVersion = 17.5.002.0
MinimumVisualStudioVersion = 10.0.40219.1
Project("{9A19103F-16F7-4668-BE54-9A1E7A4F7556}") = "exercises_week2", "exercises_week2.csproj", "{17D531E5-737C-4A1D-A34E-D62DB5E4A66C}"
EndProject
Global
	GlobalSection(SolutionConfigurationPlatforms) = preSolution
		Debug|Any CPU = Debug|Any CPU
		Release|Any CPU = Release|Any CPU
	EndGlobalSection
	GlobalSection(ProjectConfigurationPlatforms) = postSolution
		{17D531E5-737C-4A1D-A34E-D62DB5E4A66C}.Debug|Any CPU.ActiveCfg = Debug|Any CPU
		{17D531E5-737C-4A1D-A34E-D62DB5E4A66C}.Debug|Any CPU.Build.0 = Debug|Any CPU
		{17D531E5-737C-4A1D-A34E-D62DB5E4A66C}.Release|Any CPU.ActiveCfg = Release|Any CPU
		{17D531E5-737C-4A1D-A34E-D62DB5E4A66C}.Release|Any CPU.Build.0 = Release|Any CPU
	EndGlobalSection
	GlobalSection(SolutionProperties) = preSolution
		HideSolutionNode = FALSE
	EndGlobalSection
	GlobalSection(ExtensibilityGlobals) = postSolution
		SolutionGuid = {27675917-6CCC-4DA8-97FA-20484879CD75}
	EndGlobalSection
EndGlobal
